
Microsoft Visual Studio Solution File, Format Version 12.00
# Visual Studio 15
VisualStudioVersion = 15.0.26730.16
MinimumVisualStudioVersion = 10.0.40219.1
Project("{FAE04EC0-301F-11D3-BF4B-00C04F79EFBC}") = "Division", "Division\Division.csproj", "{65C20B69-5CEE-47EB-8B0B-43CDEF3BDFE3}"
EndProject
Project("{FAE04EC0-301F-11D3-BF4B-00C04F79EFBC}") = "Division2", "Division2\Division2.csproj", "{3B524672-E359-4515-9486-3BE0CAC04927}"
EndProject
Project("{FAE04EC0-301F-11D3-BF4B-00C04F79EFBC}") = "Canvas", "Canvas\Canvas.csproj", "{47CD538E-F5B7-4576-B222-6FF889538CDD}"
EndProject
Project("{FAE04EC0-301F-11D3-BF4B-00C04F79EFBC}") = "ToFile", "ToFile\ToFile.csproj", "{E311D86F-17CC-43B5-8963-4036BA048AD6}"
EndProject
Project("{FAE04EC0-301F-11D3-BF4B-00C04F79EFBC}") = "VIsualDivision", "VIsualDivision\VIsualDivision.csproj", "{0ECAA2D4-29A5-48AB-BECB-079D41EC0A00}"
EndProject
Project("{FAE04EC0-301F-11D3-BF4B-00C04F79EFBC}") = "SmartDivision", "SmartDivision\SmartDivision.csproj", "{CFE36B90-B28D-4D95-A256-D86D1FE88C15}"
EndProject
Project("{FAE04EC0-301F-11D3-BF4B-00C04F79EFBC}") = "Tests", "Tests\Tests.csproj", "{76BD3CCF-9C98-439B-A5B8-DE2F61A8A746}"
EndProject
Global
	GlobalSection(SolutionConfigurationPlatforms) = preSolution
		Debug|Any CPU = Debug|Any CPU
		Release|Any CPU = Release|Any CPU
	EndGlobalSection
	GlobalSection(ProjectConfigurationPlatforms) = postSolution
		{65C20B69-5CEE-47EB-8B0B-43CDEF3BDFE3}.Debug|Any CPU.ActiveCfg = Debug|Any CPU
		{65C20B69-5CEE-47EB-8B0B-43CDEF3BDFE3}.Debug|Any CPU.Build.0 = Debug|Any CPU
		{65C20B69-5CEE-47EB-8B0B-43CDEF3BDFE3}.Release|Any CPU.ActiveCfg = Release|Any CPU
		{65C20B69-5CEE-47EB-8B0B-43CDEF3BDFE3}.Release|Any CPU.Build.0 = Release|Any CPU
		{3B524672-E359-4515-9486-3BE0CAC04927}.Debug|Any CPU.ActiveCfg = Debug|Any CPU
		{3B524672-E359-4515-9486-3BE0CAC04927}.Debug|Any CPU.Build.0 = Debug|Any CPU
		{3B524672-E359-4515-9486-3BE0CAC04927}.Release|Any CPU.ActiveCfg = Release|Any CPU
		{3B524672-E359-4515-9486-3BE0CAC04927}.Release|Any CPU.Build.0 = Release|Any CPU
		{47CD538E-F5B7-4576-B222-6FF889538CDD}.Debug|Any CPU.ActiveCfg = Debug|Any CPU
		{47CD538E-F5B7-4576-B222-6FF889538CDD}.Debug|Any CPU.Build.0 = Debug|Any CPU
		{47CD538E-F5B7-4576-B222-6FF889538CDD}.Release|Any CPU.ActiveCfg = Release|Any CPU
		{47CD538E-F5B7-4576-B222-6FF889538CDD}.Release|Any CPU.Build.0 = Release|Any CPU
		{E311D86F-17CC-43B5-8963-4036BA048AD6}.Debug|Any CPU.ActiveCfg = Debug|Any CPU
		{E311D86F-17CC-43B5-8963-4036BA048AD6}.Debug|Any CPU.Build.0 = Debug|Any CPU
		{E311D86F-17CC-43B5-8963-4036BA048AD6}.Release|Any CPU.ActiveCfg = Release|Any CPU
		{E311D86F-17CC-43B5-8963-4036BA048AD6}.Release|Any CPU.Build.0 = Release|Any CPU
		{0ECAA2D4-29A5-48AB-BECB-079D41EC0A00}.Debug|Any CPU.ActiveCfg = Debug|Any CPU
		{0ECAA2D4-29A5-48AB-BECB-079D41EC0A00}.Debug|Any CPU.Build.0 = Debug|Any CPU
		{0ECAA2D4-29A5-48AB-BECB-079D41EC0A00}.Release|Any CPU.ActiveCfg = Release|Any CPU
		{0ECAA2D4-29A5-48AB-BECB-079D41EC0A00}.Release|Any CPU.Build.0 = Release|Any CPU
		{CFE36B90-B28D-4D95-A256-D86D1FE88C15}.Debug|Any CPU.ActiveCfg = Debug|Any CPU
		{CFE36B90-B28D-4D95-A256-D86D1FE88C15}.Debug|Any CPU.Build.0 = Debug|Any CPU
		{CFE36B90-B28D-4D95-A256-D86D1FE88C15}.Release|Any CPU.ActiveCfg = Release|Any CPU
		{CFE36B90-B28D-4D95-A256-D86D1FE88C15}.Release|Any CPU.Build.0 = Release|Any CPU
		{76BD3CCF-9C98-439B-A5B8-DE2F61A8A746}.Debug|Any CPU.ActiveCfg = Debug|Any CPU
		{76BD3CCF-9C98-439B-A5B8-DE2F61A8A746}.Debug|Any CPU.Build.0 = Debug|Any CPU
		{76BD3CCF-9C98-439B-A5B8-DE2F61A8A746}.Release|Any CPU.ActiveCfg = Release|Any CPU
		{76BD3CCF-9C98-439B-A5B8-DE2F61A8A746}.Release|Any CPU.Build.0 = Release|Any CPU
	EndGlobalSection
	GlobalSection(SolutionProperties) = preSolution
		HideSolutionNode = FALSE
	EndGlobalSection
	GlobalSection(ExtensibilityGlobals) = postSolution
		SolutionGuid = {7483D8C6-194F-4A7C-914E-6130B0A52182}
	EndGlobalSection
EndGlobal
